
Microsoft Visual Studio Solution File, Format Version 12.00
# Visual Studio 14
VisualStudioVersion = 14.0.25123.0
MinimumVisualStudioVersion = 10.0.40219.1
Project("{FAE04EC0-301F-11D3-BF4B-00C04F79EFBC}") = "task3", "task3\task3.csproj", "{F61C5948-AD27-48F0-9C89-A3E58DFDCFBD}"
EndProject
Global
	GlobalSection(SolutionConfigurationPlatforms) = preSolution
		Debug|Any CPU = Debug|Any CPU
		Release|Any CPU = Release|Any CPU
	EndGlobalSection
	GlobalSection(ProjectConfigurationPlatforms) = postSolution
		{F61C5948-AD27-48F0-9C89-A3E58DFDCFBD}.Debug|Any CPU.ActiveCfg = Debug|Any CPU
		{F61C5948-AD27-48F0-9C89-A3E58DFDCFBD}.Debug|Any CPU.Build.0 = Debug|Any CPU
		{F61C5948-AD27-48F0-9C89-A3E58DFDCFBD}.Release|Any CPU.ActiveCfg = Release|Any CPU
		{F61C5948-AD27-48F0-9C89-A3E58DFDCFBD}.Release|Any CPU.Build.0 = Release|Any CPU
	EndGlobalSection
	GlobalSection(SolutionProperties) = preSolution
		HideSolutionNode = FALSE
	EndGlobalSection
EndGlobal
