
Microsoft Visual Studio Solution File, Format Version 12.00
# Visual Studio 14
VisualStudioVersion = 14.0.25123.0
MinimumVisualStudioVersion = 10.0.40219.1
Project("{FAE04EC0-301F-11D3-BF4B-00C04F79EFBC}") = "Task2", "Task2\Task2.csproj", "{B887FD0F-7A4C-44B8-A3AA-C9E03CEF4F1C}"
EndProject
Project("{FAE04EC0-301F-11D3-BF4B-00C04F79EFBC}") = "Task1", "Task1\Task1.csproj", "{1AD93058-2F81-46EA-8970-04F7DC369E21}"
EndProject
Project("{FAE04EC0-301F-11D3-BF4B-00C04F79EFBC}") = "Task3", "Task3\Task3.csproj", "{9AF36955-BE1F-4425-A169-ADB0C6A97119}"
EndProject
Global
	GlobalSection(SolutionConfigurationPlatforms) = preSolution
		Debug|Any CPU = Debug|Any CPU
		Release|Any CPU = Release|Any CPU
	EndGlobalSection
	GlobalSection(ProjectConfigurationPlatforms) = postSolution
		{B887FD0F-7A4C-44B8-A3AA-C9E03CEF4F1C}.Debug|Any CPU.ActiveCfg = Debug|Any CPU
		{B887FD0F-7A4C-44B8-A3AA-C9E03CEF4F1C}.Debug|Any CPU.Build.0 = Debug|Any CPU
		{B887FD0F-7A4C-44B8-A3AA-C9E03CEF4F1C}.Release|Any CPU.ActiveCfg = Release|Any CPU
		{B887FD0F-7A4C-44B8-A3AA-C9E03CEF4F1C}.Release|Any CPU.Build.0 = Release|Any CPU
		{1AD93058-2F81-46EA-8970-04F7DC369E21}.Debug|Any CPU.ActiveCfg = Debug|Any CPU
		{1AD93058-2F81-46EA-8970-04F7DC369E21}.Debug|Any CPU.Build.0 = Debug|Any CPU
		{1AD93058-2F81-46EA-8970-04F7DC369E21}.Release|Any CPU.ActiveCfg = Release|Any CPU
		{1AD93058-2F81-46EA-8970-04F7DC369E21}.Release|Any CPU.Build.0 = Release|Any CPU
		{9AF36955-BE1F-4425-A169-ADB0C6A97119}.Debug|Any CPU.ActiveCfg = Debug|Any CPU
		{9AF36955-BE1F-4425-A169-ADB0C6A97119}.Debug|Any CPU.Build.0 = Debug|Any CPU
		{9AF36955-BE1F-4425-A169-ADB0C6A97119}.Release|Any CPU.ActiveCfg = Release|Any CPU
		{9AF36955-BE1F-4425-A169-ADB0C6A97119}.Release|Any CPU.Build.0 = Release|Any CPU
	EndGlobalSection
	GlobalSection(SolutionProperties) = preSolution
		HideSolutionNode = FALSE
	EndGlobalSection
EndGlobal
